// !$*UTF8*$!
{
	archiveVersion = 1;
	classes = {
	};
	objectVersion = 100;
	objects = {

/* Begin PBXBuildFile section */
		86B74335DFAD7C7D098B43BA /* NewerFinder.appex in Embed Foundation Extensions */ = {isa = PBXBuildFile; fileRef = 383A978A7665CB8D155D1A84 /* NewerFinder.appex */; settings = {ATTRIBUTES = (RemoveHeadersOnCopy, ); }; };
/* End PBXBuildFile section */

/* Begin PBXContainerItemProxy section */
		F47C7F4AEC9D9E89AD25C7FE /* PBXContainerItemProxy */ = {
			isa = PBXContainerItemProxy;
			containerPortal = 897E23B684DB992453221960 /* Project object */;
			proxyType = 1;
			remoteGlobalIDString = A3BE674899FD262F7DD0DCD7;
			remoteInfo = NewerFinder;
		};
/* End PBXContainerItemProxy section */

/* Begin PBXCopyFilesBuildPhase section */
		7F38E6019F53D2507CE0F254 /* Embed Foundation Extensions */ = {
			isa = PBXCopyFilesBuildPhase;
			dstPath = "";
			dstSubfolder = PlugIns;
			files = (
				86B74335DFAD7C7D098B43BA /* NewerFinder.appex in Embed Foundation Extensions */,
			);
			name = "Embed Foundation Extensions";
		};
/* End PBXCopyFilesBuildPhase section */

/* Begin PBXFileReference section */
		383A978A7665CB8D155D1A84 /* NewerFinder.appex */ = {isa = PBXFileReference; explicitFileType = "wrapper.app-extension"; includeInIndex = 0; path = NewerFinder.appex; sourceTree = BUILT_PRODUCTS_DIR; };
		67DC66E0EE84AC3981D31170 /* Newer.app */ = {isa = PBXFileReference; explicitFileType = wrapper.application; includeInIndex = 0; path = Newer.app; sourceTree = BUILT_PRODUCTS_DIR; };
		F5306B08B12A16F42085602A /* Version.xcconfig */ = {isa = PBXFileReference; lastKnownFileType = text.xcconfig; path = Version.xcconfig; sourceTree = "<group>"; };
/* End PBXFileReference section */

/* Begin PBXFileSystemSynchronizedBuildFileExceptionSet section */
		8ECE02739A840BE258D72705 /* Exceptions for "Newer" folder in "Newer" target */ = {
			isa = PBXFileSystemSynchronizedBuildFileExceptionSet;
			membershipExceptions = (
				Resources/Info.plist,
			);
			target = FDB4346BA1552007450C207B /* Newer */;
		};
		E2492086288E19065405E1BC /* Exceptions for "NewerFinder" folder in "NewerFinder" target */ = {
			isa = PBXFileSystemSynchronizedBuildFileExceptionSet;
			membershipExceptions = (
				Resources/Info.plist,
			);
			target = A3BE674899FD262F7DD0DCD7 /* NewerFinder */;
		};
/* End PBXFileSystemSynchronizedBuildFileExceptionSet section */

/* Begin PBXFileSystemSynchronizedRootGroup section */
		5BF2055D848C6EC15487816D /* Shared */ = {
			isa = PBXFileSystemSynchronizedRootGroup;
			path = Shared;
			sourceTree = "<group>";
		};
		8C901D380041F2F1828D0279 /* Newer */ = {
			isa = PBXFileSystemSynchronizedRootGroup;
			exceptions = (
				8ECE02739A840BE258D72705 /* Exceptions for "Newer" folder in "Newer" target */,
			);
			path = Newer;
			sourceTree = "<group>";
		};
		8FD683D1D864B7F710993BAA /* NewerFinder */ = {
			isa = PBXFileSystemSynchronizedRootGroup;
			exceptions = (
				E2492086288E19065405E1BC /* Exceptions for "NewerFinder" folder in "NewerFinder" target */,
			);
			path = NewerFinder;
			sourceTree = "<group>";
		};
/* End PBXFileSystemSynchronizedRootGroup section */

/* Begin PBXFrameworksBuildPhase section */
		73653A478DA37E0A080C7F16 /* Frameworks */ = {
			isa = PBXFrameworksBuildPhase;
			files = (
			);
		};
		8BF28059452678F47E0F676A /* Frameworks */ = {
			isa = PBXFrameworksBuildPhase;
			files = (
			);
		};
/* End PBXFrameworksBuildPhase section */

/* Begin PBXGroup section */
		21E237209043AC00525B835D /* Config */ = {
			isa = PBXGroup;
			children = (
				F5306B08B12A16F42085602A /* Version.xcconfig */,
			);
			path = Config;
			sourceTree = "<group>";
		};
		7EC59E01893457C211877EA0 /* Products */ = {
			isa = PBXGroup;
			children = (
				67DC66E0EE84AC3981D31170 /* Newer.app */,
				383A978A7665CB8D155D1A84 /* NewerFinder.appex */,
			);
			name = Products;
			sourceTree = "<group>";
		};
		C3A9C826D75DA3798C9C5F97 = {
			isa = PBXGroup;
			children = (
				8C901D380041F2F1828D0279 /* Newer */,
				8FD683D1D864B7F710993BAA /* NewerFinder */,
				5BF2055D848C6EC15487816D /* Shared */,
				21E237209043AC00525B835D /* Config */,
				7EC59E01893457C211877EA0 /* Products */,
			);
			sourceTree = "<group>";
		};
/* End PBXGroup section */

/* Begin PBXNativeTarget section */
		A3BE674899FD262F7DD0DCD7 /* NewerFinder */ = {
			isa = PBXNativeTarget;
			buildConfigurationList = 27D8FB8B8C3048B0F881BCB0 /* Build configuration list for PBXNativeTarget "NewerFinder" */;
			buildPhases = (
				EB33C504A8DFEF91E6A9D146 /* Sources */,
				8BF28059452678F47E0F676A /* Frameworks */,
				A2193A50ABA88D46D86ED028 /* Resources */,
			);
			buildRules = (
			);
			fileSystemSynchronizedGroups = (
				5BF2055D848C6EC15487816D /* Shared */,
				8FD683D1D864B7F710993BAA /* NewerFinder */,
			);
			name = NewerFinder;
			productName = NewerFinder;
			productReference = 383A978A7665CB8D155D1A84 /* NewerFinder.appex */;
			productType = "com.apple.product-type.app-extension";
		};
		FDB4346BA1552007450C207B /* Newer */ = {
			isa = PBXNativeTarget;
			buildConfigurationList = E4E6C860563D325D53D2194F /* Build configuration list for PBXNativeTarget "Newer" */;
			buildPhases = (
				0CEE3E2F5F55EAB67EF5D0CC /* Sources */,
				F240A129F4385029FA4EF22D /* Resources */,
				7F38E6019F53D2507CE0F254 /* Embed Foundation Extensions */,
				73653A478DA37E0A080C7F16 /* Frameworks */,
			);
			buildRules = (
			);
			dependencies = (
				A4656668465120D4DE5141C5 /* PBXTargetDependency */,
			);
			fileSystemSynchronizedGroups = (
				5BF2055D848C6EC15487816D /* Shared */,
				8C901D380041F2F1828D0279 /* Newer */,
			);
			name = Newer;
			productName = Newer;
			productReference = 67DC66E0EE84AC3981D31170 /* Newer.app */;
			productType = "com.apple.product-type.application";
		};
/* End PBXNativeTarget section */

/* Begin PBXProject section */
		897E23B684DB992453221960 /* Project object */ = {
			isa = PBXProject;
			attributes = {
				BuildIndependentTargetsInParallel = YES;
				LastUpgradeCheck = 2700;
				TargetAttributes = {
					A3BE674899FD262F7DD0DCD7 = {
						DevelopmentTeam = 4KJ362VJW5;
						ProvisioningStyle = Automatic;
					};
					FDB4346BA1552007450C207B = {
						DevelopmentTeam = 4KJ362VJW5;
						ProvisioningStyle = Automatic;
					};
				};
			};
			buildConfigurationList = 06A0AD90CEF6759AFA02DC56 /* Build configuration list for PBXProject "Newer" */;
			developmentRegion = "zh-Hans";
			hasScannedForEncodings = 0;
			knownRegions = (
				en,
				"zh-Hans",
				Base,
			);
			mainGroup = C3A9C826D75DA3798C9C5F97;
			minimizedProjectReferenceProxies = 1;
			preferredProjectObjectVersion = 100;
			productRefGroup = 7EC59E01893457C211877EA0 /* Products */;
			projectDirPath = "";
			projectRoot = "";
			targets = (
				FDB4346BA1552007450C207B /* Newer */,
				A3BE674899FD262F7DD0DCD7 /* NewerFinder */,
			);
		};
/* End PBXProject section */

/* Begin PBXResourcesBuildPhase section */
		A2193A50ABA88D46D86ED028 /* Resources */ = {
			isa = PBXResourcesBuildPhase;
			files = (
			);
		};
		F240A129F4385029FA4EF22D /* Resources */ = {
			isa = PBXResourcesBuildPhase;
			files = (
			);
		};
/* End PBXResourcesBuildPhase section */

/* Begin PBXSourcesBuildPhase section */
		0CEE3E2F5F55EAB67EF5D0CC /* Sources */ = {
			isa = PBXSourcesBuildPhase;
			files = (
			);
		};
		EB33C504A8DFEF91E6A9D146 /* Sources */ = {
			isa = PBXSourcesBuildPhase;
			files = (
			);
		};
/* End PBXSourcesBuildPhase section */

/* Begin PBXTargetDependency section */
		A4656668465120D4DE5141C5 /* PBXTargetDependency */ = {
			isa = PBXTargetDependency;
			target = A3BE674899FD262F7DD0DCD7 /* NewerFinder */;
			targetProxy = F47C7F4AEC9D9E89AD25C7FE /* PBXContainerItemProxy */;
		};
/* End PBXTargetDependency section */

/* Begin XCBuildConfiguration section */
		5A3143F36BC11FF887DE356A /* Release configuration for PBXNativeTarget "NewerFinder" */ = {
			isa = XCBuildConfiguration;
			buildSettings = {
				CODE_SIGN_ENTITLEMENTS = NewerFinder/Resources/NewerFinder.entitlements;
				COMBINE_HIDPI_IMAGES = YES;
				DEAD_CODE_STRIPPING = YES;
				ENABLE_APP_SANDBOX = YES;
				ENABLE_USER_SELECTED_FILES = readwrite;
				GENERATE_INFOPLIST_FILE = NO;
				INFOPLIST_FILE = NewerFinder/Resources/Info.plist;
				LD_RUNPATH_SEARCH_PATHS = (
					"$(inherited)",
					"@executable_path/../Frameworks",
					"@executable_path/../../../../Frameworks",
				);
				PRODUCT_BUNDLE_IDENTIFIER = app.zabrian.newer.finder;
				PRODUCT_NAME = NewerFinder;
				REGISTER_APP_GROUPS = YES;
				SDKROOT = macosx;
				SKIP_INSTALL = YES;
				SWIFT_EMIT_LOC_STRINGS = YES;
				SWIFT_UPCOMING_FEATURE_MEMBER_IMPORT_VISIBILITY = YES;
			};
			name = Release;
		};
		6F15972F7E871B8B8BD6EA10 /* Release configuration for PBXNativeTarget "Newer" */ = {
			isa = XCBuildConfiguration;
			buildSettings = {
				ASSETCATALOG_COMPILER_APPICON_NAME = AppIcon;
				CODE_SIGN_ENTITLEMENTS = Newer/Resources/Newer.entitlements;
				COMBINE_HIDPI_IMAGES = YES;
				DEAD_CODE_STRIPPING = YES;
				ENABLE_APP_SANDBOX = YES;
				ENABLE_INCOMING_NETWORK_CONNECTIONS = NO;
				ENABLE_OUTGOING_NETWORK_CONNECTIONS = NO;
				ENABLE_PREVIEWS = YES;
				ENABLE_RESOURCE_ACCESS_AUDIO_INPUT = NO;
				ENABLE_RESOURCE_ACCESS_BLUETOOTH = NO;
				ENABLE_RESOURCE_ACCESS_CALENDARS = NO;
				ENABLE_RESOURCE_ACCESS_CAMERA = NO;
				ENABLE_RESOURCE_ACCESS_CONTACTS = NO;
				ENABLE_RESOURCE_ACCESS_LOCATION = NO;
				ENABLE_RESOURCE_ACCESS_PRINTING = NO;
				ENABLE_RESOURCE_ACCESS_USB = NO;
				ENABLE_USER_SELECTED_FILES = readwrite;
				GENERATE_INFOPLIST_FILE = NO;
				INFOPLIST_FILE = Newer/Resources/Info.plist;
				LD_RUNPATH_SEARCH_PATHS = (
					"$(inherited)",
					"@executable_path/../Frameworks",
				);
				PRODUCT_BUNDLE_IDENTIFIER = app.zabrian.newer;
				PRODUCT_NAME = Newer;
				REGISTER_APP_GROUPS = YES;
				SDKROOT = macosx;
				SWIFT_APPROACHABLE_CONCURRENCY = YES;
				SWIFT_DEFAULT_ACTOR_ISOLATION = MainActor;
				SWIFT_EMIT_LOC_STRINGS = YES;
				SWIFT_UPCOMING_FEATURE_MEMBER_IMPORT_VISIBILITY = YES;
			};
			name = Release;
		};
		75186D01A1054B223BC0282E /* Debug configuration for PBXProject "Newer" */ = {
			isa = XCBuildConfiguration;
			baseConfigurationReference = F5306B08B12A16F42085602A /* Version.xcconfig */;
			buildSettings = {
				ALWAYS_SEARCH_USER_PATHS = NO;
				ASSETCATALOG_COMPILER_GENERATE_ASSET_SYMBOLS = NO;
				ASSETCATALOG_COMPILER_GENERATE_SWIFT_ASSET_SYMBOL_EXTENSIONS = NO;
				CLANG_ANALYZER_NONNULL = YES;
				CLANG_ANALYZER_NUMBER_OBJECT_CONVERSION = YES_AGGRESSIVE;
				CLANG_CXX_LANGUAGE_STANDARD = "gnu++14";
				CLANG_CXX_LIBRARY = "libc++";
				CLANG_ENABLE_MODULES = YES;
				CLANG_ENABLE_OBJC_ARC = YES;
				CLANG_ENABLE_OBJC_WEAK = YES;
				CLANG_WARN_BLOCK_CAPTURE_AUTORELEASING = YES;
				CLANG_WARN_BOOL_CONVERSION = YES;
				CLANG_WARN_COMMA = YES;
				CLANG_WARN_CONSTANT_CONVERSION = YES;
				CLANG_WARN_DEPRECATED_OBJC_IMPLEMENTATIONS = YES;
				CLANG_WARN_DIRECT_OBJC_ISA_USAGE = YES_ERROR;
				CLANG_WARN_DOCUMENTATION_COMMENTS = YES;
				CLANG_WARN_EMPTY_BODY = YES;
				CLANG_WARN_ENUM_CONVERSION = YES;
				CLANG_WARN_INFINITE_RECURSION = YES;
				CLANG_WARN_INT_CONVERSION = YES;
				CLANG_WARN_NON_LITERAL_NULL_CONVERSION = YES;
				CLANG_WARN_OBJC_IMPLICIT_RETAIN_SELF = YES;
				CLANG_WARN_OBJC_LITERAL_CONVERSION = YES;
				CLANG_WARN_OBJC_ROOT_CLASS = YES_ERROR;
				CLANG_WARN_QUOTED_INCLUDE_IN_FRAMEWORK_HEADER = YES;
				CLANG_WARN_RANGE_LOOP_ANALYSIS = YES;
				CLANG_WARN_STRICT_PROTOTYPES = YES;
				CLANG_WARN_SUSPICIOUS_MOVE = YES;
				CLANG_WARN_UNGUARDED_AVAILABILITY = YES_AGGRESSIVE;
				CLANG_WARN_UNREACHABLE_CODE = YES;
				CLANG_WARN__DUPLICATE_METHOD_MATCH = YES;
				CODE_SIGN_STYLE = Automatic;
				COPY_PHASE_STRIP = NO;
				DEAD_CODE_STRIPPING = YES;
				DEBUG_INFORMATION_FORMAT = dwarf;
				DEVELOPMENT_TEAM = 4KJ362VJW5;
				ENABLE_HARDENED_RUNTIME = YES;
				ENABLE_STRICT_OBJC_MSGSEND = YES;
				ENABLE_TESTABILITY = YES;
				ENABLE_USER_SCRIPT_SANDBOXING = YES;
				GCC_C_LANGUAGE_STANDARD = gnu11;
				GCC_DYNAMIC_NO_PIC = NO;
				GCC_NO_COMMON_BLOCKS = YES;
				GCC_OPTIMIZATION_LEVEL = 0;
				GCC_PREPROCESSOR_DEFINITIONS = (
					"$(inherited)",
					"DEBUG=1",
				);
				GCC_WARN_64_TO_32_BIT_CONVERSION = YES;
				GCC_WARN_ABOUT_RETURN_TYPE = YES_ERROR;
				GCC_WARN_UNDECLARED_SELECTOR = YES;
				GCC_WARN_UNINITIALIZED_AUTOS = YES_AGGRESSIVE;
				GCC_WARN_UNUSED_FUNCTION = YES;
				GCC_WARN_UNUSED_VARIABLE = YES;
				LOCALIZATION_PREFERS_STRING_CATALOGS = YES;
				MACOSX_DEPLOYMENT_TARGET = 14.0;
				MTL_ENABLE_DEBUG_INFO = INCLUDE_SOURCE;
				MTL_FAST_MATH = YES;
				NEWER_APP_GROUP_IDENTIFIER = group.app.zabrian.newer;
				ONLY_ACTIVE_ARCH = YES;
				PRODUCT_NAME = "$(TARGET_NAME)";
				SDKROOT = macosx;
				STRING_CATALOG_GENERATE_SYMBOLS = NO;
				SWIFT_ACTIVE_COMPILATION_CONDITIONS = DEBUG;
				SWIFT_OPTIMIZATION_LEVEL = "-Onone";
				SWIFT_VERSION = 6.0;
			};
			name = Debug;
		};
		874F1CEAC674927AE27F4C4A /* Debug configuration for PBXNativeTarget "NewerFinder" */ = {
			isa = XCBuildConfiguration;
			buildSettings = {
				CODE_SIGN_ENTITLEMENTS = NewerFinder/Resources/NewerFinder.entitlements;
				COMBINE_HIDPI_IMAGES = YES;
				DEAD_CODE_STRIPPING = YES;
				ENABLE_APP_SANDBOX = YES;
				ENABLE_USER_SELECTED_FILES = readwrite;
				GENERATE_INFOPLIST_FILE = NO;
				INFOPLIST_FILE = NewerFinder/Resources/Info.plist;
				LD_RUNPATH_SEARCH_PATHS = (
					"$(inherited)",
					"@executable_path/../Frameworks",
					"@executable_path/../../../../Frameworks",
				);
				PRODUCT_BUNDLE_IDENTIFIER = app.zabrian.newer.finder;
				PRODUCT_NAME = NewerFinder;
				REGISTER_APP_GROUPS = YES;
				SDKROOT = macosx;
				SKIP_INSTALL = YES;
				SWIFT_EMIT_LOC_STRINGS = YES;
				SWIFT_UPCOMING_FEATURE_MEMBER_IMPORT_VISIBILITY = YES;
			};
			name = Debug;
		};
		C00307AD3BA2497B6DC0A7C4 /* Debug configuration for PBXNativeTarget "Newer" */ = {
			isa = XCBuildConfiguration;
			buildSettings = {
				ASSETCATALOG_COMPILER_APPICON_NAME = AppIcon;
				CODE_SIGN_ENTITLEMENTS = Newer/Resources/Newer.entitlements;
				COMBINE_HIDPI_IMAGES = YES;
				DEAD_CODE_STRIPPING = YES;
				ENABLE_APP_SANDBOX = YES;
				ENABLE_INCOMING_NETWORK_CONNECTIONS = NO;
				ENABLE_OUTGOING_NETWORK_CONNECTIONS = NO;
				ENABLE_PREVIEWS = YES;
				ENABLE_RESOURCE_ACCESS_AUDIO_INPUT = NO;
				ENABLE_RESOURCE_ACCESS_BLUETOOTH = NO;
				ENABLE_RESOURCE_ACCESS_CALENDARS = NO;
				ENABLE_RESOURCE_ACCESS_CAMERA = NO;
				ENABLE_RESOURCE_ACCESS_CONTACTS = NO;
				ENABLE_RESOURCE_ACCESS_LOCATION = NO;
				ENABLE_RESOURCE_ACCESS_PRINTING = NO;
				ENABLE_RESOURCE_ACCESS_USB = NO;
				ENABLE_USER_SELECTED_FILES = readwrite;
				GENERATE_INFOPLIST_FILE = NO;
				INFOPLIST_FILE = Newer/Resources/Info.plist;
				LD_RUNPATH_SEARCH_PATHS = (
					"$(inherited)",
					"@executable_path/../Frameworks",
				);
				PRODUCT_BUNDLE_IDENTIFIER = app.zabrian.newer;
				PRODUCT_NAME = Newer;
				REGISTER_APP_GROUPS = YES;
				SDKROOT = macosx;
				SWIFT_APPROACHABLE_CONCURRENCY = YES;
				SWIFT_DEFAULT_ACTOR_ISOLATION = MainActor;
				SWIFT_EMIT_LOC_STRINGS = YES;
				SWIFT_UPCOMING_FEATURE_MEMBER_IMPORT_VISIBILITY = YES;
			};
			name = Debug;
		};
		C454EB09047C6D84C64C2A52 /* Release configuration for PBXProject "Newer" */ = {
			isa = XCBuildConfiguration;
			baseConfigurationReference = F5306B08B12A16F42085602A /* Version.xcconfig */;
			buildSettings = {
				ALWAYS_SEARCH_USER_PATHS = NO;
				ASSETCATALOG_COMPILER_GENERATE_ASSET_SYMBOLS = NO;
				ASSETCATALOG_COMPILER_GENERATE_SWIFT_ASSET_SYMBOL_EXTENSIONS = NO;
				CLANG_ANALYZER_NONNULL = YES;
				CLANG_ANALYZER_NUMBER_OBJECT_CONVERSION = YES_AGGRESSIVE;
				CLANG_CXX_LANGUAGE_STANDARD = "gnu++14";
				CLANG_CXX_LIBRARY = "libc++";
				CLANG_ENABLE_MODULES = YES;
				CLANG_ENABLE_OBJC_ARC = YES;
				CLANG_ENABLE_OBJC_WEAK = YES;
				CLANG_WARN_BLOCK_CAPTURE_AUTORELEASING = YES;
				CLANG_WARN_BOOL_CONVERSION = YES;
				CLANG_WARN_COMMA = YES;
				CLANG_WARN_CONSTANT_CONVERSION = YES;
				CLANG_WARN_DEPRECATED_OBJC_IMPLEMENTATIONS = YES;
				CLANG_WARN_DIRECT_OBJC_ISA_USAGE = YES_ERROR;
				CLANG_WARN_DOCUMENTATION_COMMENTS = YES;
				CLANG_WARN_EMPTY_BODY = YES;
				CLANG_WARN_ENUM_CONVERSION = YES;
				CLANG_WARN_INFINITE_RECURSION = YES;
				CLANG_WARN_INT_CONVERSION = YES;
				CLANG_WARN_NON_LITERAL_NULL_CONVERSION = YES;
				CLANG_WARN_OBJC_IMPLICIT_RETAIN_SELF = YES;
				CLANG_WARN_OBJC_LITERAL_CONVERSION = YES;
				CLANG_WARN_OBJC_ROOT_CLASS = YES_ERROR;
				CLANG_WARN_QUOTED_INCLUDE_IN_FRAMEWORK_HEADER = YES;
				CLANG_WARN_RANGE_LOOP_ANALYSIS = YES;
				CLANG_WARN_STRICT_PROTOTYPES = YES;
				CLANG_WARN_SUSPICIOUS_MOVE = YES;
				CLANG_WARN_UNGUARDED_AVAILABILITY = YES_AGGRESSIVE;
				CLANG_WARN_UNREACHABLE_CODE = YES;
				CLANG_WARN__DUPLICATE_METHOD_MATCH = YES;
				CODE_SIGN_INJECT_BASE_ENTITLEMENTS = NO;
				CODE_SIGN_STYLE = Automatic;
				COPY_PHASE_STRIP = NO;
				DEAD_CODE_STRIPPING = YES;
				DEBUG_INFORMATION_FORMAT = "dwarf-with-dsym";
				DEVELOPMENT_TEAM = 4KJ362VJW5;
				ENABLE_HARDENED_RUNTIME = YES;
				ENABLE_NS_ASSERTIONS = NO;
				ENABLE_STRICT_OBJC_MSGSEND = YES;
				ENABLE_USER_SCRIPT_SANDBOXING = YES;
				GCC_C_LANGUAGE_STANDARD = gnu11;
				GCC_NO_COMMON_BLOCKS = YES;
				GCC_WARN_64_TO_32_BIT_CONVERSION = YES;
				GCC_WARN_ABOUT_RETURN_TYPE = YES_ERROR;
				GCC_WARN_UNDECLARED_SELECTOR = YES;
				GCC_WARN_UNINITIALIZED_AUTOS = YES_AGGRESSIVE;
				GCC_WARN_UNUSED_FUNCTION = YES;
				GCC_WARN_UNUSED_VARIABLE = YES;
				LOCALIZATION_PREFERS_STRING_CATALOGS = YES;
				MACOSX_DEPLOYMENT_TARGET = 14.0;
				MTL_ENABLE_DEBUG_INFO = NO;
				MTL_FAST_MATH = YES;
				NEWER_APP_GROUP_IDENTIFIER = group.app.zabrian.newer;
				PRODUCT_NAME = "$(TARGET_NAME)";
				SDKROOT = macosx;
				STRING_CATALOG_GENERATE_SYMBOLS = NO;
				SWIFT_COMPILATION_MODE = wholemodule;
				SWIFT_OPTIMIZATION_LEVEL = "-O";
				SWIFT_VERSION = 6.0;
			};
			name = Release;
		};
/* End XCBuildConfiguration section */

/* Begin XCConfigurationList section */
		06A0AD90CEF6759AFA02DC56 /* Build configuration list for PBXProject "Newer" */ = {
			isa = XCConfigurationList;
			buildConfigurations = (
				75186D01A1054B223BC0282E /* Debug configuration for PBXProject "Newer" */,
				C454EB09047C6D84C64C2A52 /* Release configuration for PBXProject "Newer" */,
			);
			defaultConfigurationName = Debug;
		};
		27D8FB8B8C3048B0F881BCB0 /* Build configuration list for PBXNativeTarget "NewerFinder" */ = {
			isa = XCConfigurationList;
			buildConfigurations = (
				874F1CEAC674927AE27F4C4A /* Debug configuration for PBXNativeTarget "NewerFinder" */,
				5A3143F36BC11FF887DE356A /* Release configuration for PBXNativeTarget "NewerFinder" */,
			);
			defaultConfigurationName = Debug;
		};
		E4E6C860563D325D53D2194F /* Build configuration list for PBXNativeTarget "Newer" */ = {
			isa = XCConfigurationList;
			buildConfigurations = (
				C00307AD3BA2497B6DC0A7C4 /* Debug configuration for PBXNativeTarget "Newer" */,
				6F15972F7E871B8B8BD6EA10 /* Release configuration for PBXNativeTarget "Newer" */,
			);
			defaultConfigurationName = Debug;
		};
/* End XCConfigurationList section */
	};
	rootObject = 897E23B684DB992453221960 /* Project object */;
}
